
Microsoft Visual Studio Solution File, Format Version 12.00
# Visual Studio Version 16
VisualStudioVersion = 16.0.31313.79
MinimumVisualStudioVersion = 10.0.40219.1
Project("{FAE04EC0-301F-11D3-BF4B-00C04F79EFBC}") = "Application", "Application\Application.csproj", "{DD426F08-3180-42AC-9897-7E64495EF2A7}"
EndProject
Project("{FAE04EC0-301F-11D3-BF4B-00C04F79EFBC}") = "Implementation", "Implementation\Implementation.csproj", "{F3369AC2-080C-44CE-BEF0-D2E3BAB62D0A}"
EndProject
Project("{FAE04EC0-301F-11D3-BF4B-00C04F79EFBC}") = "Domain", "Domain\Domain.csproj", "{E1AD86D7-3CCA-451A-BA94-373EDF037503}"
EndProject
Project("{FAE04EC0-301F-11D3-BF4B-00C04F79EFBC}") = "DataAccess", "DataAccess\DataAccess.csproj", "{9C40162E-51AD-4EB5-8320-C0C2FE5A449D}"
EndProject
Project("{FAE04EC0-301F-11D3-BF4B-00C04F79EFBC}") = "Api", "Api\Api.csproj", "{0A08762B-37E4-4643-AF1B-4C607217C8DC}"
EndProject
Global
	GlobalSection(SolutionConfigurationPlatforms) = preSolution
		Debug|Any CPU = Debug|Any CPU
		Release|Any CPU = Release|Any CPU
	EndGlobalSection
	GlobalSection(ProjectConfigurationPlatforms) = postSolution
		{DD426F08-3180-42AC-9897-7E64495EF2A7}.Debug|Any CPU.ActiveCfg = Debug|Any CPU
		{DD426F08-3180-42AC-9897-7E64495EF2A7}.Debug|Any CPU.Build.0 = Debug|Any CPU
		{DD426F08-3180-42AC-9897-7E64495EF2A7}.Release|Any CPU.ActiveCfg = Release|Any CPU
		{DD426F08-3180-42AC-9897-7E64495EF2A7}.Release|Any CPU.Build.0 = Release|Any CPU
		{F3369AC2-080C-44CE-BEF0-D2E3BAB62D0A}.Debug|Any CPU.ActiveCfg = Debug|Any CPU
		{F3369AC2-080C-44CE-BEF0-D2E3BAB62D0A}.Debug|Any CPU.Build.0 = Debug|Any CPU
		{F3369AC2-080C-44CE-BEF0-D2E3BAB62D0A}.Release|Any CPU.ActiveCfg = Release|Any CPU
		{F3369AC2-080C-44CE-BEF0-D2E3BAB62D0A}.Release|Any CPU.Build.0 = Release|Any CPU
		{E1AD86D7-3CCA-451A-BA94-373EDF037503}.Debug|Any CPU.ActiveCfg = Debug|Any CPU
		{E1AD86D7-3CCA-451A-BA94-373EDF037503}.Debug|Any CPU.Build.0 = Debug|Any CPU
		{E1AD86D7-3CCA-451A-BA94-373EDF037503}.Release|Any CPU.ActiveCfg = Release|Any CPU
		{E1AD86D7-3CCA-451A-BA94-373EDF037503}.Release|Any CPU.Build.0 = Release|Any CPU
		{9C40162E-51AD-4EB5-8320-C0C2FE5A449D}.Debug|Any CPU.ActiveCfg = Debug|Any CPU
		{9C40162E-51AD-4EB5-8320-C0C2FE5A449D}.Debug|Any CPU.Build.0 = Debug|Any CPU
		{9C40162E-51AD-4EB5-8320-C0C2FE5A449D}.Release|Any CPU.ActiveCfg = Release|Any CPU
		{9C40162E-51AD-4EB5-8320-C0C2FE5A449D}.Release|Any CPU.Build.0 = Release|Any CPU
		{0A08762B-37E4-4643-AF1B-4C607217C8DC}.Debug|Any CPU.ActiveCfg = Debug|Any CPU
		{0A08762B-37E4-4643-AF1B-4C607217C8DC}.Debug|Any CPU.Build.0 = Debug|Any CPU
		{0A08762B-37E4-4643-AF1B-4C607217C8DC}.Release|Any CPU.ActiveCfg = Release|Any CPU
		{0A08762B-37E4-4643-AF1B-4C607217C8DC}.Release|Any CPU.Build.0 = Release|Any CPU
	EndGlobalSection
	GlobalSection(SolutionProperties) = preSolution
		HideSolutionNode = FALSE
	EndGlobalSection
	GlobalSection(ExtensibilityGlobals) = postSolution
		SolutionGuid = {4CDD21DE-FC88-4B45-B3CD-71C3655C781A}
	EndGlobalSection
EndGlobal
